// !$*UTF8*$!
{
	archiveVersion = 1;
	classes = {
	};
	objectVersion = 46;
	objects = {

/* Begin PBXBuildFile section */
		3A1E383618AB9F4100AABCFA /* CaffeineClient.m in Sources */ = {isa = PBXBuildFile; fileRef = 3A1E383518AB9F4100AABCFA /* CaffeineClient.m */; };
		3A1E383918ACF0D100AABCFA /* CaffeineRemoteObject.m in Sources */ = {isa = PBXBuildFile; fileRef = 3A1E383818ACF0D100AABCFA /* CaffeineRemoteObject.m */; };
		3A1E383C18ACF14800AABCFA /* Foo.m in Sources */ = {isa = PBXBuildFile; fileRef = 3A1E383B18ACF14800AABCFA /* Foo.m */; };
		3A1E383E18ACF1C800AABCFA /* libstdc++.dylib in Frameworks */ = {isa = PBXBuildFile; fileRef = 3A1E383D18ACF1C800AABCFA /* libstdc++.dylib */; };
		3A1E384018ACF3B600AABCFA /* MultiplatformTests.m in Sources */ = {isa = PBXBuildFile; fileRef = 3A1E383F18ACF3B600AABCFA /* MultiplatformTests.m */; };
		3A1E387E18AE041600AABCFA /* NSData+Y64.m in Sources */ = {isa = PBXBuildFile; fileRef = 3A1E387D18AE041600AABCFA /* NSData+Y64.m */; };
		3A266901189DFC61000F7051 /* CoverageFix.m in Sources */ = {isa = PBXBuildFile; fileRef = 3A266900189DFC61000F7051 /* CoverageFix.m */; };
		3A3EE54718B0B52D001A105F /* libzmq.a in Frameworks */ = {isa = PBXBuildFile; fileRef = 3A3EE54618B0B52D001A105F /* libzmq.a */; };
		3A3EE54C18B0B6D7001A105F /* zmq_test.mm in Sources */ = {isa = PBXBuildFile; fileRef = 3A1E48AC18AE57DB00AABCFA /* zmq_test.mm */; };
		3A3EE54D18B0B6D9001A105F /* SecurityTests.m in Sources */ = {isa = PBXBuildFile; fileRef = 3A3EE54818B0B5D8001A105F /* SecurityTests.m */; };
		3A3EE55018B0B779001A105F /* libsodium.a in Frameworks */ = {isa = PBXBuildFile; fileRef = 3A3EE54F18B0B779001A105F /* libsodium.a */; };
		3A3EE58918B0B9D2001A105F /* NSObject+CaffeinePack.m in Sources */ = {isa = PBXBuildFile; fileRef = 3A3EE58818B0B9D2001A105F /* NSObject+CaffeinePack.m */; };
		3A4222A51893766C001DD698 /* NSObject+MsgPack.m in Sources */ = {isa = PBXBuildFile; fileRef = 3A4222A41893766C001DD698 /* NSObject+MsgPack.m */; };
		3A4222EA1893A4E9001DD698 /* MsgPackTests.m in Sources */ = {isa = PBXBuildFile; fileRef = 3A4222E91893A4E9001DD698 /* MsgPackTests.m */; };
		3A6AA8D21892EE1700519A25 /* MsgPack2Objc.m in Sources */ = {isa = PBXBuildFile; fileRef = 3A6AA8D11892EE1700519A25 /* MsgPack2Objc.m */; };
		3AF0F33C1890DEAF00B6491F /* Foundation.framework in Frameworks */ = {isa = PBXBuildFile; fileRef = 3AF0F33B1890DEAF00B6491F /* Foundation.framework */; };
		3AF0F3411890DEAF00B6491F /* caffeine_ios.h in CopyFiles */ = {isa = PBXBuildFile; fileRef = 3AF0F3401890DEAF00B6491F /* caffeine_ios.h */; };
		3AF0F3431890DEAF00B6491F /* caffeine_ios.m in Sources */ = {isa = PBXBuildFile; fileRef = 3AF0F3421890DEAF00B6491F /* caffeine_ios.m */; };
		3AF0F34A1890DEAF00B6491F /* XCTest.framework in Frameworks */ = {isa = PBXBuildFile; fileRef = 3AF0F3491890DEAF00B6491F /* XCTest.framework */; };
		3AF0F34B1890DEAF00B6491F /* Foundation.framework in Frameworks */ = {isa = PBXBuildFile; fileRef = 3AF0F33B1890DEAF00B6491F /* Foundation.framework */; };
		3AF0F34D1890DEAF00B6491F /* UIKit.framework in Frameworks */ = {isa = PBXBuildFile; fileRef = 3AF0F34C1890DEAF00B6491F /* UIKit.framework */; };
		3AF0F3501890DEAF00B6491F /* libcaffeine-ios.a in Frameworks */ = {isa = PBXBuildFile; fileRef = 3AF0F3381890DEAF00B6491F /* libcaffeine-ios.a */; };
		3AF0F3561890DEAF00B6491F /* InfoPlist.strings in Resources */ = {isa = PBXBuildFile; fileRef = 3AF0F3541890DEAF00B6491F /* InfoPlist.strings */; };
		3AF0F3581890DEAF00B6491F /* caffeine_iosTests.m in Sources */ = {isa = PBXBuildFile; fileRef = 3AF0F3571890DEAF00B6491F /* caffeine_iosTests.m */; };
/* End PBXBuildFile section */

/* Begin PBXContainerItemProxy section */
		3AF0F34E1890DEAF00B6491F /* PBXContainerItemProxy */ = {
			isa = PBXContainerItemProxy;
			containerPortal = 3AF0F3301890DEAF00B6491F /* Project object */;
			proxyType = 1;
			remoteGlobalIDString = 3AF0F3371890DEAF00B6491F;
			remoteInfo = "caffeine-ios";
		};
/* End PBXContainerItemProxy section */

/* Begin PBXCopyFilesBuildPhase section */
		3AF0F3361890DEAF00B6491F /* CopyFiles */ = {
			isa = PBXCopyFilesBuildPhase;
			buildActionMask = 2147483647;
			dstPath = "include/$(PRODUCT_NAME)";
			dstSubfolderSpec = 16;
			files = (
				3AF0F3411890DEAF00B6491F /* caffeine_ios.h in CopyFiles */,
			);
			runOnlyForDeploymentPostprocessing = 0;
		};
/* End PBXCopyFilesBuildPhase section */

/* Begin PBXFileReference section */
		3A1E383418AB9F4100AABCFA /* CaffeineClient.h */ = {isa = PBXFileReference; fileEncoding = 4; lastKnownFileType = sourcecode.c.h; path = CaffeineClient.h; sourceTree = "<group>"; };
		3A1E383518AB9F4100AABCFA /* CaffeineClient.m */ = {isa = PBXFileReference; fileEncoding = 4; lastKnownFileType = sourcecode.c.objc; path = CaffeineClient.m; sourceTree = "<group>"; };
		3A1E383718ACF0D000AABCFA /* CaffeineRemoteObject.h */ = {isa = PBXFileReference; fileEncoding = 4; lastKnownFileType = sourcecode.c.h; path = CaffeineRemoteObject.h; sourceTree = "<group>"; };
		3A1E383818ACF0D100AABCFA /* CaffeineRemoteObject.m */ = {isa = PBXFileReference; fileEncoding = 4; lastKnownFileType = sourcecode.c.objc; path = CaffeineRemoteObject.m; sourceTree = "<group>"; };
		3A1E383A18ACF14800AABCFA /* Foo.h */ = {isa = PBXFileReference; fileEncoding = 4; lastKnownFileType = sourcecode.c.h; path = Foo.h; sourceTree = "<group>"; };
		3A1E383B18ACF14800AABCFA /* Foo.m */ = {isa = PBXFileReference; fileEncoding = 4; lastKnownFileType = sourcecode.c.objc; path = Foo.m; sourceTree = "<group>"; };
		3A1E383D18ACF1C800AABCFA /* libstdc++.dylib */ = {isa = PBXFileReference; lastKnownFileType = "compiled.mach-o.dylib"; name = "libstdc++.dylib"; path = "usr/lib/libstdc++.dylib"; sourceTree = SDKROOT; };
		3A1E383F18ACF3B600AABCFA /* MultiplatformTests.m */ = {isa = PBXFileReference; fileEncoding = 4; lastKnownFileType = sourcecode.c.objc; path = MultiplatformTests.m; sourceTree = "<group>"; };
		3A1E387C18AE041600AABCFA /* NSData+Y64.h */ = {isa = PBXFileReference; fileEncoding = 4; lastKnownFileType = sourcecode.c.h; path = "NSData+Y64.h"; sourceTree = "<group>"; };
		3A1E387D18AE041600AABCFA /* NSData+Y64.m */ = {isa = PBXFileReference; fileEncoding = 4; lastKnownFileType = sourcecode.c.objc; path = "NSData+Y64.m"; sourceTree = "<group>"; };
		3A1E48AA18AE418D00AABCFA /* zmq_utils.h */ = {isa = PBXFileReference; lastKnownFileType = sourcecode.c.h; path = zmq_utils.h; sourceTree = "<group>"; };
		3A1E48AB18AE418D00AABCFA /* zmq.h */ = {isa = PBXFileReference; lastKnownFileType = sourcecode.c.h; path = zmq.h; sourceTree = "<group>"; };
		3A1E48AC18AE57DB00AABCFA /* zmq_test.mm */ = {isa = PBXFileReference; fileEncoding = 4; lastKnownFileType = sourcecode.cpp.objcpp; path = zmq_test.mm; sourceTree = "<group>"; };
		3A1E48AD18AE57DB00AABCFA /* zmq_test.h */ = {isa = PBXFileReference; fileEncoding = 4; lastKnownFileType = sourcecode.c.h; path = zmq_test.h; sourceTree = "<group>"; };
		3A2668FF189DFC60000F7051 /* CoverageFix.h */ = {isa = PBXFileReference; fileEncoding = 4; lastKnownFileType = sourcecode.c.h; path = CoverageFix.h; sourceTree = "<group>"; };
		3A266900189DFC61000F7051 /* CoverageFix.m */ = {isa = PBXFileReference; fileEncoding = 4; lastKnownFileType = sourcecode.c.objc; path = CoverageFix.m; sourceTree = "<group>"; };
		3A3EE54618B0B52D001A105F /* libzmq.a */ = {isa = PBXFileReference; lastKnownFileType = archive.ar; path = libzmq.a; sourceTree = "<group>"; };
		3A3EE54818B0B5D8001A105F /* SecurityTests.m */ = {isa = PBXFileReference; fileEncoding = 4; lastKnownFileType = sourcecode.c.objc; path = SecurityTests.m; sourceTree = "<group>"; };
		3A3EE54F18B0B779001A105F /* libsodium.a */ = {isa = PBXFileReference; lastKnownFileType = archive.ar; path = libsodium.a; sourceTree = "<group>"; };
		3A3EE55218B0B786001A105F /* core.h */ = {isa = PBXFileReference; fileEncoding = 4; lastKnownFileType = sourcecode.c.h; path = core.h; sourceTree = "<group>"; };
		3A3EE55318B0B786001A105F /* crypto_auth.h */ = {isa = PBXFileReference; fileEncoding = 4; lastKnownFileType = sourcecode.c.h; path = crypto_auth.h; sourceTree = "<group>"; };
		3A3EE55418B0B786001A105F /* crypto_auth_hmacsha256.h */ = {isa = PBXFileReference; fileEncoding = 4; lastKnownFileType = sourcecode.c.h; path = crypto_auth_hmacsha256.h; sourceTree = "<group>"; };
		3A3EE55518B0B786001A105F /* crypto_auth_hmacsha512256.h */ = {isa = PBXFileReference; fileEncoding = 4; lastKnownFileType = sourcecode.c.h; path = crypto_auth_hmacsha512256.h; sourceTree = "<group>"; };
		3A3EE55618B0B786001A105F /* crypto_box.h */ = {isa = PBXFileReference; fileEncoding = 4; lastKnownFileType = sourcecode.c.h; path = crypto_box.h; sourceTree = "<group>"; };
		3A3EE55718B0B786001A105F /* crypto_box_curve25519xsalsa20poly1305.h */ = {isa = PBXFileReference; fileEncoding = 4; lastKnownFileType = sourcecode.c.h; path = crypto_box_curve25519xsalsa20poly1305.h; sourceTree = "<group>"; };
		3A3EE55818B0B786001A105F /* crypto_core_hsalsa20.h */ = {isa = PBXFileReference; fileEncoding = 4; lastKnownFileType = sourcecode.c.h; path = crypto_core_hsalsa20.h; sourceTree = "<group>"; };
		3A3EE55918B0B786001A105F /* crypto_core_salsa20.h */ = {isa = PBXFileReference; fileEncoding = 4; lastKnownFileType = sourcecode.c.h; path = crypto_core_salsa20.h; sourceTree = "<group>"; };
		3A3EE55A18B0B786001A105F /* crypto_core_salsa2012.h */ = {isa = PBXFileReference; fileEncoding = 4; lastKnownFileType = sourcecode.c.h; path = crypto_core_salsa2012.h; sourceTree = "<group>"; };
		3A3EE55B18B0B786001A105F /* crypto_core_salsa208.h */ = {isa = PBXFileReference; fileEncoding = 4; lastKnownFileType = sourcecode.c.h; path = crypto_core_salsa208.h; sourceTree = "<group>"; };
		3A3EE55C18B0B786001A105F /* crypto_generichash.h */ = {isa = PBXFileReference; fileEncoding = 4; lastKnownFileType = sourcecode.c.h; path = crypto_generichash.h; sourceTree = "<group>"; };
		3A3EE55D18B0B786001A105F /* crypto_generichash_blake2b.h */ = {isa = PBXFileReference; fileEncoding = 4; lastKnownFileType = sourcecode.c.h; path = crypto_generichash_blake2b.h; sourceTree = "<group>"; };
		3A3EE55E18B0B786001A105F /* crypto_hash.h */ = {isa = PBXFileReference; fileEncoding = 4; lastKnownFileType = sourcecode.c.h; path = crypto_hash.h; sourceTree = "<group>"; };
		3A3EE55F18B0B786001A105F /* crypto_hash_sha256.h */ = {isa = PBXFileReference; fileEncoding = 4; lastKnownFileType = sourcecode.c.h; path = crypto_hash_sha256.h; sourceTree = "<group>"; };
		3A3EE56018B0B786001A105F /* crypto_hash_sha512.h */ = {isa = PBXFileReference; fileEncoding = 4; lastKnownFileType = sourcecode.c.h; path = crypto_hash_sha512.h; sourceTree = "<group>"; };
		3A3EE56118B0B786001A105F /* crypto_hashblocks_sha256.h */ = {isa = PBXFileReference; fileEncoding = 4; lastKnownFileType = sourcecode.c.h; path = crypto_hashblocks_sha256.h; sourceTree = "<group>"; };
		3A3EE56218B0B786001A105F /* crypto_hashblocks_sha512.h */ = {isa = PBXFileReference; fileEncoding = 4; lastKnownFileType = sourcecode.c.h; path = crypto_hashblocks_sha512.h; sourceTree = "<group>"; };
		3A3EE56318B0B786001A105F /* crypto_int32.h */ = {isa = PBXFileReference; fileEncoding = 4; lastKnownFileType = sourcecode.c.h; path = crypto_int32.h; sourceTree = "<group>"; };
		3A3EE56418B0B786001A105F /* crypto_int64.h */ = {isa = PBXFileReference; fileEncoding = 4; lastKnownFileType = sourcecode.c.h; path = crypto_int64.h; sourceTree = "<group>"; };
		3A3EE56518B0B786001A105F /* crypto_onetimeauth.h */ = {isa = PBXFileReference; fileEncoding = 4; lastKnownFileType = sourcecode.c.h; path = crypto_onetimeauth.h; sourceTree = "<group>"; };
		3A3EE56618B0B786001A105F /* crypto_onetimeauth_poly1305.h */ = {isa = PBXFileReference; fileEncoding = 4; lastKnownFileType = sourcecode.c.h; path = crypto_onetimeauth_poly1305.h; sourceTree = "<group>"; };
		3A3EE56718B0B786001A105F /* crypto_onetimeauth_poly1305_53.h */ = {isa = PBXFileReference; fileEncoding = 4; lastKnownFileType = sourcecode.c.h; path = crypto_onetimeauth_poly1305_53.h; sourceTree = "<group>"; };
		3A3EE56818B0B786001A105F /* crypto_onetimeauth_poly1305_donna.h */ = {isa = PBXFileReference; fileEncoding = 4; lastKnownFileType = sourcecode.c.h; path = crypto_onetimeauth_poly1305_donna.h; sourceTree = "<group>"; };
		3A3EE56918B0B786001A105F /* crypto_scalarmult.h */ = {isa = PBXFileReference; fileEncoding = 4; lastKnownFileType = sourcecode.c.h; path = crypto_scalarmult.h; sourceTree = "<group>"; };
		3A3EE56A18B0B786001A105F /* crypto_scalarmult_curve25519.h */ = {isa = PBXFileReference; fileEncoding = 4; lastKnownFileType = sourcecode.c.h; path = crypto_scalarmult_curve25519.h; sourceTree = "<group>"; };
		3A3EE56B18B0B786001A105F /* crypto_secretbox.h */ = {isa = PBXFileReference; fileEncoding = 4; lastKnownFileType = sourcecode.c.h; path = crypto_secretbox.h; sourceTree = "<group>"; };
		3A3EE56C18B0B786001A105F /* crypto_secretbox_xsalsa20poly1305.h */ = {isa = PBXFileReference; fileEncoding = 4; lastKnownFileType = sourcecode.c.h; path = crypto_secretbox_xsalsa20poly1305.h; sourceTree = "<group>"; };
		3A3EE56D18B0B786001A105F /* crypto_shorthash.h */ = {isa = PBXFileReference; fileEncoding = 4; lastKnownFileType = sourcecode.c.h; path = crypto_shorthash.h; sourceTree = "<group>"; };
		3A3EE56E18B0B786001A105F /* crypto_shorthash_siphash24.h */ = {isa = PBXFileReference; fileEncoding = 4; lastKnownFileType = sourcecode.c.h; path = crypto_shorthash_siphash24.h; sourceTree = "<group>"; };
		3A3EE56F18B0B786001A105F /* crypto_sign.h */ = {isa = PBXFileReference; fileEncoding = 4; lastKnownFileType = sourcecode.c.h; path = crypto_sign.h; sourceTree = "<group>"; };
		3A3EE57018B0B786001A105F /* crypto_sign_ed25519.h */ = {isa = PBXFileReference; fileEncoding = 4; lastKnownFileType = sourcecode.c.h; path = crypto_sign_ed25519.h; sourceTree = "<group>"; };
		3A3EE57118B0B786001A105F /* crypto_sign_edwards25519sha512batch.h */ = {isa = PBXFileReference; fileEncoding = 4; lastKnownFileType = sourcecode.c.h; path = crypto_sign_edwards25519sha512batch.h; sourceTree = "<group>"; };
		3A3EE57218B0B786001A105F /* crypto_stream.h */ = {isa = PBXFileReference; fileEncoding = 4; lastKnownFileType = sourcecode.c.h; path = crypto_stream.h; sourceTree = "<group>"; };
		3A3EE57318B0B786001A105F /* crypto_stream_aes128ctr.h */ = {isa = PBXFileReference; fileEncoding = 4; lastKnownFileType = sourcecode.c.h; path = crypto_stream_aes128ctr.h; sourceTree = "<group>"; };
		3A3EE57418B0B786001A105F /* crypto_stream_aes256estream.h */ = {isa = PBXFileReference; fileEncoding = 4; lastKnownFileType = sourcecode.c.h; path = crypto_stream_aes256estream.h; sourceTree = "<group>"; };
		3A3EE57518B0B786001A105F /* crypto_stream_salsa20.h */ = {isa = PBXFileReference; fileEncoding = 4; lastKnownFileType = sourcecode.c.h; path = crypto_stream_salsa20.h; sourceTree = "<group>"; };
		3A3EE57618B0B786001A105F /* crypto_stream_salsa2012.h */ = {isa = PBXFileReference; fileEncoding = 4; lastKnownFileType = sourcecode.c.h; path = crypto_stream_salsa2012.h; sourceTree = "<group>"; };
		3A3EE57718B0B786001A105F /* crypto_stream_salsa208.h */ = {isa = PBXFileReference; fileEncoding = 4; lastKnownFileType = sourcecode.c.h; path = crypto_stream_salsa208.h; sourceTree = "<group>"; };
		3A3EE57818B0B786001A105F /* crypto_stream_xsalsa20.h */ = {isa = PBXFileReference; fileEncoding = 4; lastKnownFileType = sourcecode.c.h; path = crypto_stream_xsalsa20.h; sourceTree = "<group>"; };
		3A3EE57918B0B786001A105F /* crypto_uint16.h */ = {isa = PBXFileReference; fileEncoding = 4; lastKnownFileType = sourcecode.c.h; path = crypto_uint16.h; sourceTree = "<group>"; };
		3A3EE57A18B0B786001A105F /* crypto_uint32.h */ = {isa = PBXFileReference; fileEncoding = 4; lastKnownFileType = sourcecode.c.h; path = crypto_uint32.h; sourceTree = "<group>"; };
		3A3EE57B18B0B786001A105F /* crypto_uint64.h */ = {isa = PBXFileReference; fileEncoding = 4; lastKnownFileType = sourcecode.c.h; path = crypto_uint64.h; sourceTree = "<group>"; };
		3A3EE57C18B0B786001A105F /* crypto_uint8.h */ = {isa = PBXFileReference; fileEncoding = 4; lastKnownFileType = sourcecode.c.h; path = crypto_uint8.h; sourceTree = "<group>"; };
		3A3EE57D18B0B786001A105F /* crypto_verify_16.h */ = {isa = PBXFileReference; fileEncoding = 4; lastKnownFileType = sourcecode.c.h; path = crypto_verify_16.h; sourceTree = "<group>"; };
		3A3EE57E18B0B786001A105F /* crypto_verify_32.h */ = {isa = PBXFileReference; fileEncoding = 4; lastKnownFileType = sourcecode.c.h; path = crypto_verify_32.h; sourceTree = "<group>"; };
		3A3EE57F18B0B786001A105F /* export.h */ = {isa = PBXFileReference; fileEncoding = 4; lastKnownFileType = sourcecode.c.h; path = export.h; sourceTree = "<group>"; };
		3A3EE58018B0B786001A105F /* randombytes.h */ = {isa = PBXFileReference; fileEncoding = 4; lastKnownFileType = sourcecode.c.h; path = randombytes.h; sourceTree = "<group>"; };
		3A3EE58118B0B786001A105F /* randombytes_salsa20_random.h */ = {isa = PBXFileReference; fileEncoding = 4; lastKnownFileType = sourcecode.c.h; path = randombytes_salsa20_random.h; sourceTree = "<group>"; };
		3A3EE58218B0B786001A105F /* randombytes_sysrandom.h */ = {isa = PBXFileReference; fileEncoding = 4; lastKnownFileType = sourcecode.c.h; path = randombytes_sysrandom.h; sourceTree = "<group>"; };
		3A3EE58318B0B786001A105F /* utils.h */ = {isa = PBXFileReference; fileEncoding = 4; lastKnownFileType = sourcecode.c.h; path = utils.h; sourceTree = "<group>"; };
		3A3EE58418B0B786001A105F /* version.h */ = {isa = PBXFileReference; fileEncoding = 4; lastKnownFileType = sourcecode.c.h; path = version.h; sourceTree = "<group>"; };
		3A3EE58518B0B786001A105F /* sodium.h */ = {isa = PBXFileReference; fileEncoding = 4; lastKnownFileType = sourcecode.c.h; path = sodium.h; sourceTree = "<group>"; };
		3A3EE58718B0B9D2001A105F /* NSObject+CaffeinePack.h */ = {isa = PBXFileReference; fileEncoding = 4; lastKnownFileType = sourcecode.c.h; path = "NSObject+CaffeinePack.h"; sourceTree = "<group>"; };
		3A3EE58818B0B9D2001A105F /* NSObject+CaffeinePack.m */ = {isa = PBXFileReference; fileEncoding = 4; lastKnownFileType = sourcecode.c.objc; path = "NSObject+CaffeinePack.m"; sourceTree = "<group>"; };
		3A4222A31893766C001DD698 /* NSObject+MsgPack.h */ = {isa = PBXFileReference; fileEncoding = 4; lastKnownFileType = sourcecode.c.h; path = "NSObject+MsgPack.h"; sourceTree = "<group>"; };
		3A4222A41893766C001DD698 /* NSObject+MsgPack.m */ = {isa = PBXFileReference; fileEncoding = 4; lastKnownFileType = sourcecode.c.objc; path = "NSObject+MsgPack.m"; sourceTree = "<group>"; };
		3A4222E91893A4E9001DD698 /* MsgPackTests.m */ = {isa = PBXFileReference; fileEncoding = 4; lastKnownFileType = sourcecode.c.objc; path = MsgPackTests.m; sourceTree = "<group>"; };
		3A6AA8CF1892ED9F00519A25 /* MsgPackable.h */ = {isa = PBXFileReference; lastKnownFileType = sourcecode.c.h; path = MsgPackable.h; sourceTree = "<group>"; };
		3A6AA8D01892EE1700519A25 /* MsgPack2Objc.h */ = {isa = PBXFileReference; fileEncoding = 4; lastKnownFileType = sourcecode.c.h; path = MsgPack2Objc.h; sourceTree = "<group>"; };
		3A6AA8D11892EE1700519A25 /* MsgPack2Objc.m */ = {isa = PBXFileReference; fileEncoding = 4; lastKnownFileType = sourcecode.c.objc; path = MsgPack2Objc.m; sourceTree = "<group>"; };
		3AF0F3381890DEAF00B6491F /* libcaffeine-ios.a */ = {isa = PBXFileReference; explicitFileType = archive.ar; includeInIndex = 0; path = "libcaffeine-ios.a"; sourceTree = BUILT_PRODUCTS_DIR; };
		3AF0F33B1890DEAF00B6491F /* Foundation.framework */ = {isa = PBXFileReference; lastKnownFileType = wrapper.framework; name = Foundation.framework; path = System/Library/Frameworks/Foundation.framework; sourceTree = SDKROOT; };
		3AF0F33F1890DEAF00B6491F /* caffeine-ios-Prefix.pch */ = {isa = PBXFileReference; lastKnownFileType = sourcecode.c.h; path = "caffeine-ios-Prefix.pch"; sourceTree = "<group>"; };
		3AF0F3401890DEAF00B6491F /* caffeine_ios.h */ = {isa = PBXFileReference; lastKnownFileType = sourcecode.c.h; path = caffeine_ios.h; sourceTree = "<group>"; };
		3AF0F3421890DEAF00B6491F /* caffeine_ios.m */ = {isa = PBXFileReference; lastKnownFileType = sourcecode.c.objc; path = caffeine_ios.m; sourceTree = "<group>"; };
		3AF0F3481890DEAF00B6491F /* caffeine-iosTests.xctest */ = {isa = PBXFileReference; explicitFileType = wrapper.cfbundle; includeInIndex = 0; path = "caffeine-iosTests.xctest"; sourceTree = BUILT_PRODUCTS_DIR; };
		3AF0F3491890DEAF00B6491F /* XCTest.framework */ = {isa = PBXFileReference; lastKnownFileType = wrapper.framework; name = XCTest.framework; path = Library/Frameworks/XCTest.framework; sourceTree = DEVELOPER_DIR; };
		3AF0F34C1890DEAF00B6491F /* UIKit.framework */ = {isa = PBXFileReference; lastKnownFileType = wrapper.framework; name = UIKit.framework; path = Library/Frameworks/UIKit.framework; sourceTree = DEVELOPER_DIR; };
		3AF0F3531890DEAF00B6491F /* caffeine-iosTests-Info.plist */ = {isa = PBXFileReference; lastKnownFileType = text.plist.xml; path = "caffeine-iosTests-Info.plist"; sourceTree = "<group>"; };
		3AF0F3551890DEAF00B6491F /* en */ = {isa = PBXFileReference; lastKnownFileType = text.plist.strings; name = en; path = en.lproj/InfoPlist.strings; sourceTree = "<group>"; };
		3AF0F3571890DEAF00B6491F /* caffeine_iosTests.m */ = {isa = PBXFileReference; lastKnownFileType = sourcecode.c.objc; path = caffeine_iosTests.m; sourceTree = "<group>"; };
/* End PBXFileReference section */

/* Begin PBXFrameworksBuildPhase section */
		3AF0F3351890DEAF00B6491F /* Frameworks */ = {
			isa = PBXFrameworksBuildPhase;
			buildActionMask = 2147483647;
			files = (
				3A3EE55018B0B779001A105F /* libsodium.a in Frameworks */,
				3A3EE54718B0B52D001A105F /* libzmq.a in Frameworks */,
				3AF0F33C1890DEAF00B6491F /* Foundation.framework in Frameworks */,
			);
			runOnlyForDeploymentPostprocessing = 0;
		};
		3AF0F3451890DEAF00B6491F /* Frameworks */ = {
			isa = PBXFrameworksBuildPhase;
			buildActionMask = 2147483647;
			files = (
				3A1E383E18ACF1C800AABCFA /* libstdc++.dylib in Frameworks */,
				3AF0F3501890DEAF00B6491F /* libcaffeine-ios.a in Frameworks */,
				3AF0F34A1890DEAF00B6491F /* XCTest.framework in Frameworks */,
				3AF0F34D1890DEAF00B6491F /* UIKit.framework in Frameworks */,
				3AF0F34B1890DEAF00B6491F /* Foundation.framework in Frameworks */,
			);
			runOnlyForDeploymentPostprocessing = 0;
		};
/* End PBXFrameworksBuildPhase section */

/* Begin PBXGroup section */
		3A1E48A718AE416700AABCFA /* libzmq */ = {
			isa = PBXGroup;
			children = (
				3A1E48AA18AE418D00AABCFA /* zmq_utils.h */,
				3A1E48AB18AE418D00AABCFA /* zmq.h */,
				3A3EE54618B0B52D001A105F /* libzmq.a */,
			);
			path = libzmq;
			sourceTree = "<group>";
		};
		3A3EE54E18B0B769001A105F /* libsodium */ = {
			isa = PBXGroup;
			children = (
				3A3EE55118B0B786001A105F /* sodium */,
				3A3EE58518B0B786001A105F /* sodium.h */,
				3A3EE54F18B0B779001A105F /* libsodium.a */,
			);
			path = libsodium;
			sourceTree = "<group>";
		};
		3A3EE55118B0B786001A105F /* sodium */ = {
			isa = PBXGroup;
			children = (
				3A3EE55218B0B786001A105F /* core.h */,
				3A3EE55318B0B786001A105F /* crypto_auth.h */,
				3A3EE55418B0B786001A105F /* crypto_auth_hmacsha256.h */,
				3A3EE55518B0B786001A105F /* crypto_auth_hmacsha512256.h */,
				3A3EE55618B0B786001A105F /* crypto_box.h */,
				3A3EE55718B0B786001A105F /* crypto_box_curve25519xsalsa20poly1305.h */,
				3A3EE55818B0B786001A105F /* crypto_core_hsalsa20.h */,
				3A3EE55918B0B786001A105F /* crypto_core_salsa20.h */,
				3A3EE55A18B0B786001A105F /* crypto_core_salsa2012.h */,
				3A3EE55B18B0B786001A105F /* crypto_core_salsa208.h */,
				3A3EE55C18B0B786001A105F /* crypto_generichash.h */,
				3A3EE55D18B0B786001A105F /* crypto_generichash_blake2b.h */,
				3A3EE55E18B0B786001A105F /* crypto_hash.h */,
				3A3EE55F18B0B786001A105F /* crypto_hash_sha256.h */,
				3A3EE56018B0B786001A105F /* crypto_hash_sha512.h */,
				3A3EE56118B0B786001A105F /* crypto_hashblocks_sha256.h */,
				3A3EE56218B0B786001A105F /* crypto_hashblocks_sha512.h */,
				3A3EE56318B0B786001A105F /* crypto_int32.h */,
				3A3EE56418B0B786001A105F /* crypto_int64.h */,
				3A3EE56518B0B786001A105F /* crypto_onetimeauth.h */,
				3A3EE56618B0B786001A105F /* crypto_onetimeauth_poly1305.h */,
				3A3EE56718B0B786001A105F /* crypto_onetimeauth_poly1305_53.h */,
				3A3EE56818B0B786001A105F /* crypto_onetimeauth_poly1305_donna.h */,
				3A3EE56918B0B786001A105F /* crypto_scalarmult.h */,
				3A3EE56A18B0B786001A105F /* crypto_scalarmult_curve25519.h */,
				3A3EE56B18B0B786001A105F /* crypto_secretbox.h */,
				3A3EE56C18B0B786001A105F /* crypto_secretbox_xsalsa20poly1305.h */,
				3A3EE56D18B0B786001A105F /* crypto_shorthash.h */,
				3A3EE56E18B0B786001A105F /* crypto_shorthash_siphash24.h */,
				3A3EE56F18B0B786001A105F /* crypto_sign.h */,
				3A3EE57018B0B786001A105F /* crypto_sign_ed25519.h */,
				3A3EE57118B0B786001A105F /* crypto_sign_edwards25519sha512batch.h */,
				3A3EE57218B0B786001A105F /* crypto_stream.h */,
				3A3EE57318B0B786001A105F /* crypto_stream_aes128ctr.h */,
				3A3EE57418B0B786001A105F /* crypto_stream_aes256estream.h */,
				3A3EE57518B0B786001A105F /* crypto_stream_salsa20.h */,
				3A3EE57618B0B786001A105F /* crypto_stream_salsa2012.h */,
				3A3EE57718B0B786001A105F /* crypto_stream_salsa208.h */,
				3A3EE57818B0B786001A105F /* crypto_stream_xsalsa20.h */,
				3A3EE57918B0B786001A105F /* crypto_uint16.h */,
				3A3EE57A18B0B786001A105F /* crypto_uint32.h */,
				3A3EE57B18B0B786001A105F /* crypto_uint64.h */,
				3A3EE57C18B0B786001A105F /* crypto_uint8.h */,
				3A3EE57D18B0B786001A105F /* crypto_verify_16.h */,
				3A3EE57E18B0B786001A105F /* crypto_verify_32.h */,
				3A3EE57F18B0B786001A105F /* export.h */,
				3A3EE58018B0B786001A105F /* randombytes.h */,
				3A3EE58118B0B786001A105F /* randombytes_salsa20_random.h */,
				3A3EE58218B0B786001A105F /* randombytes_sysrandom.h */,
				3A3EE58318B0B786001A105F /* utils.h */,
				3A3EE58418B0B786001A105F /* version.h */,
			);
			path = sodium;
			sourceTree = "<group>";
		};
		3A3EE58618B0B9BF001A105F /* pack */ = {
			isa = PBXGroup;
			children = (
				3A3EE58718B0B9D2001A105F /* NSObject+CaffeinePack.h */,
				3A3EE58818B0B9D2001A105F /* NSObject+CaffeinePack.m */,
			);
			name = pack;
			sourceTree = "<group>";
		};
		3A6AA8CE1892ED3A00519A25 /* msgpack2-objc */ = {
			isa = PBXGroup;
			children = (
				3A6AA8CF1892ED9F00519A25 /* MsgPackable.h */,
				3A6AA8D01892EE1700519A25 /* MsgPack2Objc.h */,
				3A6AA8D11892EE1700519A25 /* MsgPack2Objc.m */,
				3A4222A31893766C001DD698 /* NSObject+MsgPack.h */,
				3A4222A41893766C001DD698 /* NSObject+MsgPack.m */,
			);
			path = "msgpack2-objc";
			sourceTree = "<group>";
		};
		3AF0F32F1890DEAF00B6491F = {
			isa = PBXGroup;
			children = (
				3AF0F3621890DF8300B6491F /* ext */,
				3AF0F33D1890DEAF00B6491F /* caffeine-ios */,
				3AF0F3511890DEAF00B6491F /* caffeine-iosTests */,
				3AF0F33A1890DEAF00B6491F /* Frameworks */,
				3AF0F3391890DEAF00B6491F /* Products */,
			);
			sourceTree = "<group>";
		};
		3AF0F3391890DEAF00B6491F /* Products */ = {
			isa = PBXGroup;
			children = (
				3AF0F3381890DEAF00B6491F /* libcaffeine-ios.a */,
				3AF0F3481890DEAF00B6491F /* caffeine-iosTests.xctest */,
			);
			name = Products;
			sourceTree = "<group>";
		};
		3AF0F33A1890DEAF00B6491F /* Frameworks */ = {
			isa = PBXGroup;
			children = (
				3A1E383D18ACF1C800AABCFA /* libstdc++.dylib */,
				3AF0F33B1890DEAF00B6491F /* Foundation.framework */,
				3AF0F3491890DEAF00B6491F /* XCTest.framework */,
				3AF0F34C1890DEAF00B6491F /* UIKit.framework */,
			);
			name = Frameworks;
			sourceTree = "<group>";
		};
		3AF0F33D1890DEAF00B6491F /* caffeine-ios */ = {
			isa = PBXGroup;
			children = (
				3A3EE58618B0B9BF001A105F /* pack */,
				3AF0F3401890DEAF00B6491F /* caffeine_ios.h */,
				3AF0F3421890DEAF00B6491F /* caffeine_ios.m */,
				3A1E383418AB9F4100AABCFA /* CaffeineClient.h */,
				3A1E383518AB9F4100AABCFA /* CaffeineClient.m */,
				3AF0F33E1890DEAF00B6491F /* Supporting Files */,
				3A1E383718ACF0D000AABCFA /* CaffeineRemoteObject.h */,
				3A1E383818ACF0D100AABCFA /* CaffeineRemoteObject.m */,
				3A1E387C18AE041600AABCFA /* NSData+Y64.h */,
				3A1E387D18AE041600AABCFA /* NSData+Y64.m */,
			);
			path = "caffeine-ios";
			sourceTree = "<group>";
		};
		3AF0F33E1890DEAF00B6491F /* Supporting Files */ = {
			isa = PBXGroup;
			children = (
				3AF0F33F1890DEAF00B6491F /* caffeine-ios-Prefix.pch */,
			);
			name = "Supporting Files";
			sourceTree = "<group>";
		};
		3AF0F3511890DEAF00B6491F /* caffeine-iosTests */ = {
			isa = PBXGroup;
			children = (
				3AF0F3571890DEAF00B6491F /* caffeine_iosTests.m */,
				3AF0F3521890DEAF00B6491F /* Supporting Files */,
				3A4222E91893A4E9001DD698 /* MsgPackTests.m */,
				3A2668FF189DFC60000F7051 /* CoverageFix.h */,
				3A266900189DFC61000F7051 /* CoverageFix.m */,
				3A1E383A18ACF14800AABCFA /* Foo.h */,
				3A1E383B18ACF14800AABCFA /* Foo.m */,
				3A1E383F18ACF3B600AABCFA /* MultiplatformTests.m */,
				3A1E48AC18AE57DB00AABCFA /* zmq_test.mm */,
				3A1E48AD18AE57DB00AABCFA /* zmq_test.h */,
				3A3EE54818B0B5D8001A105F /* SecurityTests.m */,
			);
			path = "caffeine-iosTests";
			sourceTree = "<group>";
		};
		3AF0F3521890DEAF00B6491F /* Supporting Files */ = {
			isa = PBXGroup;
			children = (
				3AF0F3531890DEAF00B6491F /* caffeine-iosTests-Info.plist */,
				3AF0F3541890DEAF00B6491F /* InfoPlist.strings */,
			);
			name = "Supporting Files";
			sourceTree = "<group>";
		};
		3AF0F3621890DF8300B6491F /* ext */ = {
			isa = PBXGroup;
			children = (
				3A3EE54E18B0B769001A105F /* libsodium */,
				3A1E48A718AE416700AABCFA /* libzmq */,
				3A6AA8CE1892ED3A00519A25 /* msgpack2-objc */,
			);
			path = ext;
			sourceTree = "<group>";
		};
/* End PBXGroup section */

/* Begin PBXNativeTarget section */
		3AF0F3371890DEAF00B6491F /* caffeine-ios */ = {
			isa = PBXNativeTarget;
			buildConfigurationList = 3AF0F35B1890DEAF00B6491F /* Build configuration list for PBXNativeTarget "caffeine-ios" */;
			buildPhases = (
				3AF0F3341890DEAF00B6491F /* Sources */,
				3AF0F3351890DEAF00B6491F /* Frameworks */,
				3AF0F3361890DEAF00B6491F /* CopyFiles */,
			);
			buildRules = (
			);
			dependencies = (
			);
			name = "caffeine-ios";
			productName = "caffeine-ios";
			productReference = 3AF0F3381890DEAF00B6491F /* libcaffeine-ios.a */;
			productType = "com.apple.product-type.library.static";
		};
		3AF0F3471890DEAF00B6491F /* caffeine-iosTests */ = {
			isa = PBXNativeTarget;
			buildConfigurationList = 3AF0F35E1890DEAF00B6491F /* Build configuration list for PBXNativeTarget "caffeine-iosTests" */;
			buildPhases = (
				3AF0F3441890DEAF00B6491F /* Sources */,
				3AF0F3451890DEAF00B6491F /* Frameworks */,
				3AF0F3461890DEAF00B6491F /* Resources */,
			);
			buildRules = (
			);
			dependencies = (
				3AF0F34F1890DEAF00B6491F /* PBXTargetDependency */,
			);
			name = "caffeine-iosTests";
			productName = "caffeine-iosTests";
			productReference = 3AF0F3481890DEAF00B6491F /* caffeine-iosTests.xctest */;
			productType = "com.apple.product-type.bundle.unit-test";
		};
/* End PBXNativeTarget section */

/* Begin PBXProject section */
		3AF0F3301890DEAF00B6491F /* Project object */ = {
			isa = PBXProject;
			attributes = {
				LastUpgradeCheck = 0500;
				ORGANIZATIONNAME = DrewCrawfordApps;
			};
			buildConfigurationList = 3AF0F3331890DEAF00B6491F /* Build configuration list for PBXProject "caffeine-ios" */;
			compatibilityVersion = "Xcode 3.2";
			developmentRegion = English;
			hasScannedForEncodings = 0;
			knownRegions = (
				en,
			);
			mainGroup = 3AF0F32F1890DEAF00B6491F;
			productRefGroup = 3AF0F3391890DEAF00B6491F /* Products */;
			projectDirPath = "";
			projectRoot = "";
			targets = (
				3AF0F3371890DEAF00B6491F /* caffeine-ios */,
				3AF0F3471890DEAF00B6491F /* caffeine-iosTests */,
			);
		};
/* End PBXProject section */

/* Begin PBXResourcesBuildPhase section */
		3AF0F3461890DEAF00B6491F /* Resources */ = {
			isa = PBXResourcesBuildPhase;
			buildActionMask = 2147483647;
			files = (
				3AF0F3561890DEAF00B6491F /* InfoPlist.strings in Resources */,
			);
			runOnlyForDeploymentPostprocessing = 0;
		};
/* End PBXResourcesBuildPhase section */

/* Begin PBXSourcesBuildPhase section */
		3AF0F3341890DEAF00B6491F /* Sources */ = {
			isa = PBXSourcesBuildPhase;
			buildActionMask = 2147483647;
			files = (
				3A1E387E18AE041600AABCFA /* NSData+Y64.m in Sources */,
				3A4222A51893766C001DD698 /* NSObject+MsgPack.m in Sources */,
				3A3EE58918B0B9D2001A105F /* NSObject+CaffeinePack.m in Sources */,
				3A1E383618AB9F4100AABCFA /* CaffeineClient.m in Sources */,
				3A6AA8D21892EE1700519A25 /* MsgPack2Objc.m in Sources */,
				3A1E383918ACF0D100AABCFA /* CaffeineRemoteObject.m in Sources */,
				3AF0F3431890DEAF00B6491F /* caffeine_ios.m in Sources */,
			);
			runOnlyForDeploymentPostprocessing = 0;
		};
		3AF0F3441890DEAF00B6491F /* Sources */ = {
			isa = PBXSourcesBuildPhase;
			buildActionMask = 2147483647;
			files = (
				3A3EE54D18B0B6D9001A105F /* SecurityTests.m in Sources */,
				3A3EE54C18B0B6D7001A105F /* zmq_test.mm in Sources */,
				3A1E383C18ACF14800AABCFA /* Foo.m in Sources */,
				3A266901189DFC61000F7051 /* CoverageFix.m in Sources */,
				3A1E384018ACF3B600AABCFA /* MultiplatformTests.m in Sources */,
				3A4222EA1893A4E9001DD698 /* MsgPackTests.m in Sources */,
				3AF0F3581890DEAF00B6491F /* caffeine_iosTests.m in Sources */,
			);
			runOnlyForDeploymentPostprocessing = 0;
		};
/* End PBXSourcesBuildPhase section */

/* Begin PBXTargetDependency section */
		3AF0F34F1890DEAF00B6491F /* PBXTargetDependency */ = {
			isa = PBXTargetDependency;
			target = 3AF0F3371890DEAF00B6491F /* caffeine-ios */;
			targetProxy = 3AF0F34E1890DEAF00B6491F /* PBXContainerItemProxy */;
		};
/* End PBXTargetDependency section */

/* Begin PBXVariantGroup section */
		3AF0F3541890DEAF00B6491F /* InfoPlist.strings */ = {
			isa = PBXVariantGroup;
			children = (
				3AF0F3551890DEAF00B6491F /* en */,
			);
			name = InfoPlist.strings;
			sourceTree = "<group>";
		};
/* End PBXVariantGroup section */

/* Begin XCBuildConfiguration section */
		3AF0F3591890DEAF00B6491F /* Debug */ = {
			isa = XCBuildConfiguration;
			buildSettings = {
				ALWAYS_SEARCH_USER_PATHS = NO;
				ARCHS = "$(ARCHS_STANDARD_INCLUDING_64_BIT)";
				CLANG_CXX_LANGUAGE_STANDARD = "gnu++0x";
				CLANG_CXX_LIBRARY = "libc++";
				CLANG_ENABLE_MODULES = YES;
				CLANG_ENABLE_OBJC_ARC = YES;
				CLANG_WARN_BOOL_CONVERSION = YES;
				CLANG_WARN_CONSTANT_CONVERSION = YES;
				CLANG_WARN_DIRECT_OBJC_ISA_USAGE = YES_ERROR;
				CLANG_WARN_EMPTY_BODY = YES;
				CLANG_WARN_ENUM_CONVERSION = YES;
				CLANG_WARN_INT_CONVERSION = YES;
				CLANG_WARN_OBJC_ROOT_CLASS = YES_ERROR;
				CLANG_WARN__DUPLICATE_METHOD_MATCH = YES;
				COPY_PHASE_STRIP = NO;
				GCC_C_LANGUAGE_STANDARD = gnu99;
				GCC_DYNAMIC_NO_PIC = NO;
				GCC_OPTIMIZATION_LEVEL = 0;
				GCC_PREPROCESSOR_DEFINITIONS = (
					"DEBUG=1",
					"$(inherited)",
				);
				GCC_SYMBOLS_PRIVATE_EXTERN = NO;
				GCC_WARN_64_TO_32_BIT_CONVERSION = YES;
				GCC_WARN_ABOUT_RETURN_TYPE = YES_ERROR;
				GCC_WARN_UNDECLARED_SELECTOR = YES;
				GCC_WARN_UNINITIALIZED_AUTOS = YES;
				GCC_WARN_UNUSED_FUNCTION = YES;
				GCC_WARN_UNUSED_VARIABLE = YES;
				HEADER_SEARCH_PATHS = (
					"$(inherited)",
					/Applications/Xcode.app/Contents/Developer/Toolchains/XcodeDefault.xctoolchain/usr/include,
					ext/libsodium,
				);
				IPHONEOS_DEPLOYMENT_TARGET = 7.0;
				ONLY_ACTIVE_ARCH = YES;
				SDKROOT = iphoneos;
			};
			name = Debug;
		};
		3AF0F35A1890DEAF00B6491F /* Release */ = {
			isa = XCBuildConfiguration;
			buildSettings = {
				ALWAYS_SEARCH_USER_PATHS = NO;
				ARCHS = "$(ARCHS_STANDARD_INCLUDING_64_BIT)";
				CLANG_CXX_LANGUAGE_STANDARD = "gnu++0x";
				CLANG_CXX_LIBRARY = "libc++";
				CLANG_ENABLE_MODULES = YES;
				CLANG_ENABLE_OBJC_ARC = YES;
				CLANG_WARN_BOOL_CONVERSION = YES;
				CLANG_WARN_CONSTANT_CONVERSION = YES;
				CLANG_WARN_DIRECT_OBJC_ISA_USAGE = YES_ERROR;
				CLANG_WARN_EMPTY_BODY = YES;
				CLANG_WARN_ENUM_CONVERSION = YES;
				CLANG_WARN_INT_CONVERSION = YES;
				CLANG_WARN_OBJC_ROOT_CLASS = YES_ERROR;
				CLANG_WARN__DUPLICATE_METHOD_MATCH = YES;
				COPY_PHASE_STRIP = YES;
				ENABLE_NS_ASSERTIONS = NO;
				GCC_C_LANGUAGE_STANDARD = gnu99;
				GCC_WARN_64_TO_32_BIT_CONVERSION = YES;
				GCC_WARN_ABOUT_RETURN_TYPE = YES_ERROR;
				GCC_WARN_UNDECLARED_SELECTOR = YES;
				GCC_WARN_UNINITIALIZED_AUTOS = YES;
				GCC_WARN_UNUSED_FUNCTION = YES;
				GCC_WARN_UNUSED_VARIABLE = YES;
				HEADER_SEARCH_PATHS = (
					"$(inherited)",
					/Applications/Xcode.app/Contents/Developer/Toolchains/XcodeDefault.xctoolchain/usr/include,
					ext/libsodium,
				);
				IPHONEOS_DEPLOYMENT_TARGET = 7.0;
				SDKROOT = iphoneos;
				VALIDATE_PRODUCT = YES;
			};
			name = Release;
		};
		3AF0F35C1890DEAF00B6491F /* Debug */ = {
			isa = XCBuildConfiguration;
			buildSettings = {
				DSTROOT = /tmp/caffeine_ios.dst;
				GCC_PRECOMPILE_PREFIX_HEADER = YES;
				GCC_PREFIX_HEADER = "caffeine-ios/caffeine-ios-Prefix.pch";
				GCC_PREPROCESSOR_DEFINITIONS = (
					"DEBUG=1",
					"$(inherited)",
					"HAVE_LIBSODIUM=1",
				);
				LIBRARY_SEARCH_PATHS = (
					"$(inherited)",
					ext/libsodium,
					ext/libzmq,
				);
				OTHER_LDFLAGS = "-ObjC";
				PRODUCT_NAME = "$(TARGET_NAME)";
				SKIP_INSTALL = YES;
			};
			name = Debug;
		};
		3AF0F35D1890DEAF00B6491F /* Release */ = {
			isa = XCBuildConfiguration;
			buildSettings = {
				DSTROOT = /tmp/caffeine_ios.dst;
				GCC_PRECOMPILE_PREFIX_HEADER = YES;
				GCC_PREFIX_HEADER = "caffeine-ios/caffeine-ios-Prefix.pch";
				LIBRARY_SEARCH_PATHS = (
					"$(inherited)",
					ext/libsodium,
					ext/libzmq,
				);
				OTHER_LDFLAGS = "-ObjC";
				PRODUCT_NAME = "$(TARGET_NAME)";
				SKIP_INSTALL = YES;
			};
			name = Release;
		};
		3AF0F35F1890DEAF00B6491F /* Debug */ = {
			isa = XCBuildConfiguration;
			buildSettings = {
				ARCHS = "$(ARCHS_STANDARD_INCLUDING_64_BIT)";
				BUNDLE_LOADER = "$(BUILT_PRODUCTS_DIR)/libcaffeine-ios.a";
				FRAMEWORK_SEARCH_PATHS = (
					"$(SDKROOT)/Developer/Library/Frameworks",
					"$(inherited)",
					"$(DEVELOPER_FRAMEWORKS_DIR)",
				);
				GCC_GENERATE_TEST_COVERAGE_FILES = YES;
				GCC_INSTRUMENT_PROGRAM_FLOW_ARCS = YES;
				GCC_PRECOMPILE_PREFIX_HEADER = YES;
				GCC_PREFIX_HEADER = "caffeine-ios/caffeine-ios-Prefix.pch";
				GCC_PREPROCESSOR_DEFINITIONS = (
					"DEBUG=1",
					"$(inherited)",
				);
				INFOPLIST_FILE = "caffeine-iosTests/caffeine-iosTests-Info.plist";
				LIBRARY_SEARCH_PATHS = "/Users/drew/Dropbox/Code/caffeine-ios/ext/libzmq";
				OTHER_LDFLAGS = (
					"$(inherited)",
					"-framework",
					XCTest,
					"-ObjC",
				);
				PRODUCT_NAME = "$(TARGET_NAME)";
				TEST_HOST = "";
				WRAPPER_EXTENSION = xctest;
			};
			name = Debug;
		};
		3AF0F3601890DEAF00B6491F /* Release */ = {
			isa = XCBuildConfiguration;
			buildSettings = {
				ARCHS = "$(ARCHS_STANDARD_INCLUDING_64_BIT)";
				BUNDLE_LOADER = "$(BUILT_PRODUCTS_DIR)/libcaffeine-ios.a";
				FRAMEWORK_SEARCH_PATHS = (
					"$(SDKROOT)/Developer/Library/Frameworks",
					"$(inherited)",
					"$(DEVELOPER_FRAMEWORKS_DIR)",
				);
				GCC_GENERATE_TEST_COVERAGE_FILES = YES;
				GCC_INSTRUMENT_PROGRAM_FLOW_ARCS = YES;
				GCC_PRECOMPILE_PREFIX_HEADER = YES;
				GCC_PREFIX_HEADER = "caffeine-ios/caffeine-ios-Prefix.pch";
				INFOPLIST_FILE = "caffeine-iosTests/caffeine-iosTests-Info.plist";
				LIBRARY_SEARCH_PATHS = "/Users/drew/Dropbox/Code/caffeine-ios/ext/libzmq";
				OTHER_LDFLAGS = (
					"$(inherited)",
					"-framework",
					XCTest,
					"-ObjC",
				);
				PRODUCT_NAME = "$(TARGET_NAME)";
				TEST_HOST = "";
				WRAPPER_EXTENSION = xctest;
			};
			name = Release;
		};
/* End XCBuildConfiguration section */

/* Begin XCConfigurationList section */
		3AF0F3331890DEAF00B6491F /* Build configuration list for PBXProject "caffeine-ios" */ = {
			isa = XCConfigurationList;
			buildConfigurations = (
				3AF0F3591890DEAF00B6491F /* Debug */,
				3AF0F35A1890DEAF00B6491F /* Release */,
			);
			defaultConfigurationIsVisible = 0;
			defaultConfigurationName = Release;
		};
		3AF0F35B1890DEAF00B6491F /* Build configuration list for PBXNativeTarget "caffeine-ios" */ = {
			isa = XCConfigurationList;
			buildConfigurations = (
				3AF0F35C1890DEAF00B6491F /* Debug */,
				3AF0F35D1890DEAF00B6491F /* Release */,
			);
			defaultConfigurationIsVisible = 0;
			defaultConfigurationName = Release;
		};
		3AF0F35E1890DEAF00B6491F /* Build configuration list for PBXNativeTarget "caffeine-iosTests" */ = {
			isa = XCConfigurationList;
			buildConfigurations = (
				3AF0F35F1890DEAF00B6491F /* Debug */,
				3AF0F3601890DEAF00B6491F /* Release */,
			);
			defaultConfigurationIsVisible = 0;
			defaultConfigurationName = Release;
		};
/* End XCConfigurationList section */
	};
	rootObject = 3AF0F3301890DEAF00B6491F /* Project object */;
}
